
Microsoft Visual Studio Solution File, Format Version 12.00
# Visual Studio Version 17
VisualStudioVersion = 17.0.32112.339
MinimumVisualStudioVersion = 10.0.40219.1
Project("{FAE04EC0-301F-11D3-BF4B-00C04F79EFBC}") = "Common", "Common\Common.csproj", "{DDD1D8E7-D84C-45F8-BA54-9E337AAF2807}"
EndProject
Project("{FAE04EC0-301F-11D3-BF4B-00C04F79EFBC}") = "WindowsData", "WindowsData\WindowsData.csproj", "{E91E18D9-499F-4510-92D3-E3C1DCF6EDBF}"
EndProject
Project("{FAE04EC0-301F-11D3-BF4B-00C04F79EFBC}") = "Themes", "Themes\Themes.csproj", "{6A9AF8DD-FA02-4E76-A743-E007BE845371}"
EndProject
Project("{FAE04EC0-301F-11D3-BF4B-00C04F79EFBC}") = "WpfConsole", "WpfConsole\WpfConsole.csproj", "{ABFDBD08-B118-48A1-B96A-87DF3F1EF020}"
EndProject
Project("{9A19103F-16F7-4668-BE54-9A1E7A4F7556}") = "FileScaner", "FileScaner\FileScaner.csproj", "{0E165480-B9A0-41B6-A381-00A381FC7E19}"
EndProject
Project("{9A19103F-16F7-4668-BE54-9A1E7A4F7556}") = "FileScannerTests", "FileScannerTests\FileScannerTests.csproj", "{6AB72077-46D6-4818-B81F-A77880A79083}"
EndProject
Project("{9A19103F-16F7-4668-BE54-9A1E7A4F7556}") = "INOSetupFileCreate", "INOSetupFileCreate\INOSetupFileCreate.csproj", "{B59A3854-4FA3-4289-A3B7-4D63A80AFBB3}"
EndProject
Project("{FAE04EC0-301F-11D3-BF4B-00C04F79EFBC}") = "WpfAdmin", "WpfAdmin\WpfAdmin.csproj", "{69E923F7-3084-41CF-8367-D88F00D83C06}"
EndProject
Project("{FAE04EC0-301F-11D3-BF4B-00C04F79EFBC}") = "DialogLibrary", "DialogLibrary\DialogLibrary.csproj", "{3584317F-1BAC-47AD-9479-0DBD78835C4B}"
EndProject
Global
	GlobalSection(SolutionConfigurationPlatforms) = preSolution
		Debug|Any CPU = Debug|Any CPU
		Release|Any CPU = Release|Any CPU
	EndGlobalSection
	GlobalSection(ProjectConfigurationPlatforms) = postSolution
		{DDD1D8E7-D84C-45F8-BA54-9E337AAF2807}.Debug|Any CPU.ActiveCfg = Debug|Any CPU
		{DDD1D8E7-D84C-45F8-BA54-9E337AAF2807}.Debug|Any CPU.Build.0 = Debug|Any CPU
		{DDD1D8E7-D84C-45F8-BA54-9E337AAF2807}.Release|Any CPU.ActiveCfg = Release|Any CPU
		{DDD1D8E7-D84C-45F8-BA54-9E337AAF2807}.Release|Any CPU.Build.0 = Release|Any CPU
		{E91E18D9-499F-4510-92D3-E3C1DCF6EDBF}.Debug|Any CPU.ActiveCfg = Debug|Any CPU
		{E91E18D9-499F-4510-92D3-E3C1DCF6EDBF}.Debug|Any CPU.Build.0 = Debug|Any CPU
		{E91E18D9-499F-4510-92D3-E3C1DCF6EDBF}.Release|Any CPU.ActiveCfg = Release|Any CPU
		{E91E18D9-499F-4510-92D3-E3C1DCF6EDBF}.Release|Any CPU.Build.0 = Release|Any CPU
		{6A9AF8DD-FA02-4E76-A743-E007BE845371}.Debug|Any CPU.ActiveCfg = Debug|Any CPU
		{6A9AF8DD-FA02-4E76-A743-E007BE845371}.Debug|Any CPU.Build.0 = Debug|Any CPU
		{6A9AF8DD-FA02-4E76-A743-E007BE845371}.Release|Any CPU.ActiveCfg = Release|Any CPU
		{6A9AF8DD-FA02-4E76-A743-E007BE845371}.Release|Any CPU.Build.0 = Release|Any CPU
		{ABFDBD08-B118-48A1-B96A-87DF3F1EF020}.Debug|Any CPU.ActiveCfg = Debug|Any CPU
		{ABFDBD08-B118-48A1-B96A-87DF3F1EF020}.Debug|Any CPU.Build.0 = Debug|Any CPU
		{ABFDBD08-B118-48A1-B96A-87DF3F1EF020}.Release|Any CPU.ActiveCfg = Release|Any CPU
		{ABFDBD08-B118-48A1-B96A-87DF3F1EF020}.Release|Any CPU.Build.0 = Release|Any CPU
		{0E165480-B9A0-41B6-A381-00A381FC7E19}.Debug|Any CPU.ActiveCfg = Debug|Any CPU
		{0E165480-B9A0-41B6-A381-00A381FC7E19}.Debug|Any CPU.Build.0 = Debug|Any CPU
		{0E165480-B9A0-41B6-A381-00A381FC7E19}.Release|Any CPU.ActiveCfg = Release|Any CPU
		{0E165480-B9A0-41B6-A381-00A381FC7E19}.Release|Any CPU.Build.0 = Release|Any CPU
		{6AB72077-46D6-4818-B81F-A77880A79083}.Debug|Any CPU.ActiveCfg = Debug|Any CPU
		{6AB72077-46D6-4818-B81F-A77880A79083}.Debug|Any CPU.Build.0 = Debug|Any CPU
		{6AB72077-46D6-4818-B81F-A77880A79083}.Release|Any CPU.ActiveCfg = Release|Any CPU
		{6AB72077-46D6-4818-B81F-A77880A79083}.Release|Any CPU.Build.0 = Release|Any CPU
		{B59A3854-4FA3-4289-A3B7-4D63A80AFBB3}.Debug|Any CPU.ActiveCfg = Debug|Any CPU
		{B59A3854-4FA3-4289-A3B7-4D63A80AFBB3}.Debug|Any CPU.Build.0 = Debug|Any CPU
		{B59A3854-4FA3-4289-A3B7-4D63A80AFBB3}.Release|Any CPU.ActiveCfg = Release|Any CPU
		{B59A3854-4FA3-4289-A3B7-4D63A80AFBB3}.Release|Any CPU.Build.0 = Release|Any CPU
		{69E923F7-3084-41CF-8367-D88F00D83C06}.Debug|Any CPU.ActiveCfg = Debug|Any CPU
		{69E923F7-3084-41CF-8367-D88F00D83C06}.Debug|Any CPU.Build.0 = Debug|Any CPU
		{69E923F7-3084-41CF-8367-D88F00D83C06}.Release|Any CPU.ActiveCfg = Release|Any CPU
		{69E923F7-3084-41CF-8367-D88F00D83C06}.Release|Any CPU.Build.0 = Release|Any CPU
		{3584317F-1BAC-47AD-9479-0DBD78835C4B}.Debug|Any CPU.ActiveCfg = Debug|Any CPU
		{3584317F-1BAC-47AD-9479-0DBD78835C4B}.Debug|Any CPU.Build.0 = Debug|Any CPU
		{3584317F-1BAC-47AD-9479-0DBD78835C4B}.Release|Any CPU.ActiveCfg = Release|Any CPU
		{3584317F-1BAC-47AD-9479-0DBD78835C4B}.Release|Any CPU.Build.0 = Release|Any CPU
	EndGlobalSection
	GlobalSection(SolutionProperties) = preSolution
		HideSolutionNode = FALSE
	EndGlobalSection
	GlobalSection(ExtensibilityGlobals) = postSolution
		SolutionGuid = {1ED56311-5782-473D-B815-3A1A515D308F}
	EndGlobalSection
EndGlobal
